{
  "name": "alexa-template",
  "version": "1.0.0",
  "dependencies": {
    "adm-zip": {
      "version": "0.4.7",
      "from": "adm-zip@>=0.4.7 <0.5.0",
      "resolved": "https://registry.npmjs.org/adm-zip/-/adm-zip-0.4.7.tgz",
      "dev": true
    },
    "ajv": {
      "version": "5.5.2",
      "from": "ajv@>=5.1.0 <6.0.0",
      "resolved": "https://registry.npmjs.org/ajv/-/ajv-5.5.2.tgz",
      "dev": true
    },
    "ansi-escapes": {
      "version": "3.0.0",
      "from": "ansi-escapes@>=3.0.0 <4.0.0",
      "resolved": "https://registry.npmjs.org/ansi-escapes/-/ansi-escapes-3.0.0.tgz",
      "dev": true
    },
    "ansi-regex": {
      "version": "2.1.1",
      "from": "ansi-regex@>=2.0.0 <3.0.0",
      "resolved": "https://registry.npmjs.org/ansi-regex/-/ansi-regex-2.1.1.tgz",
      "dev": true
    },
    "ansi-styles": {
      "version": "2.2.1",
      "from": "ansi-styles@>=2.2.1 <3.0.0",
      "resolved": "https://registry.npmjs.org/ansi-styles/-/ansi-styles-2.2.1.tgz",
      "dev": true
    },
    "archiver": {
      "version": "1.3.0",
      "from": "archiver@>=1.1.0 <2.0.0",
      "resolved": "https://registry.npmjs.org/archiver/-/archiver-1.3.0.tgz",
      "dev": true
    },
    "archiver-utils": {
      "version": "1.3.0",
      "from": "archiver-utils@>=1.3.0 <2.0.0",
      "resolved": "https://registry.npmjs.org/archiver-utils/-/archiver-utils-1.3.0.tgz",
      "dev": true
    },
    "ask-cli": {
      "version": "1.0.0-beta.9",
      "from": "ask-cli@latest",
      "resolved": "https://registry.npmjs.org/ask-cli/-/ask-cli-1.0.0-beta.9.tgz",
      "dev": true
    },
    "asn1": {
      "version": "0.2.3",
      "from": "asn1@>=0.2.3 <0.3.0",
      "resolved": "https://registry.npmjs.org/asn1/-/asn1-0.2.3.tgz",
      "dev": true
    },
    "assert-plus": {
      "version": "1.0.0",
      "from": "assert-plus@>=1.0.0 <2.0.0",
      "resolved": "https://registry.npmjs.org/assert-plus/-/assert-plus-1.0.0.tgz",
      "dev": true
    },
    "async": {
      "version": "2.6.0",
      "from": "async@>=2.1.5 <3.0.0",
      "resolved": "https://registry.npmjs.org/async/-/async-2.6.0.tgz",
      "dev": true
    },
    "asynckit": {
      "version": "0.4.0",
      "from": "asynckit@>=0.4.0 <0.5.0",
      "resolved": "https://registry.npmjs.org/asynckit/-/asynckit-0.4.0.tgz",
      "dev": true
    },
    "aws-sdk": {
      "version": "2.188.0",
      "from": "aws-sdk@>=2.9.0 <3.0.0",
      "resolved": "https://registry.npmjs.org/aws-sdk/-/aws-sdk-2.188.0.tgz",
      "dev": true
    },
    "aws-sign2": {
      "version": "0.7.0",
      "from": "aws-sign2@>=0.7.0 <0.8.0",
      "resolved": "https://registry.npmjs.org/aws-sign2/-/aws-sign2-0.7.0.tgz",
      "dev": true
    },
    "aws4": {
      "version": "1.6.0",
      "from": "aws4@>=1.6.0 <2.0.0",
      "resolved": "https://registry.npmjs.org/aws4/-/aws4-1.6.0.tgz",
      "dev": true
    },
    "balanced-match": {
      "version": "1.0.0",
      "from": "balanced-match@>=1.0.0 <2.0.0",
      "resolved": "https://registry.npmjs.org/balanced-match/-/balanced-match-1.0.0.tgz",
      "dev": true
    },
    "base64-js": {
      "version": "1.2.1",
      "from": "base64-js@>=1.0.2 <2.0.0",
      "resolved": "https://registry.npmjs.org/base64-js/-/base64-js-1.2.1.tgz",
      "dev": true
    },
    "bcrypt-pbkdf": {
      "version": "1.0.1",
      "from": "bcrypt-pbkdf@>=1.0.0 <2.0.0",
      "resolved": "https://registry.npmjs.org/bcrypt-pbkdf/-/bcrypt-pbkdf-1.0.1.tgz",
      "dev": true,
      "optional": true
    },
    "bl": {
      "version": "1.2.1",
      "from": "bl@>=1.0.0 <2.0.0",
      "resolved": "https://registry.npmjs.org/bl/-/bl-1.2.1.tgz",
      "dev": true
    },
    "bluebird": {
      "version": "3.5.1",
      "from": "bluebird@>=3.5.0 <4.0.0",
      "resolved": "https://registry.npmjs.org/bluebird/-/bluebird-3.5.1.tgz",
      "dev": true
    },
    "boom": {
      "version": "4.3.1",
      "from": "boom@>=4.0.0 <5.0.0",
      "resolved": "https://registry.npmjs.org/boom/-/boom-4.3.1.tgz",
      "dev": true
    },
    "brace-expansion": {
      "version": "1.1.8",
      "from": "brace-expansion@>=1.1.7 <2.0.0",
      "resolved": "https://registry.npmjs.org/brace-expansion/-/brace-expansion-1.1.8.tgz",
      "dev": true
    },
    "buffer": {
      "version": "4.9.1",
      "from": "buffer@4.9.1",
      "resolved": "https://registry.npmjs.org/buffer/-/buffer-4.9.1.tgz",
      "dev": true
    },
    "buffer-crc32": {
      "version": "0.2.13",
      "from": "buffer-crc32@>=0.2.1 <0.3.0",
      "resolved": "https://registry.npmjs.org/buffer-crc32/-/buffer-crc32-0.2.13.tgz",
      "dev": true
    },
    "bunyan": {
      "version": "1.8.12",
      "from": "bunyan@>=1.8.12 <2.0.0",
      "resolved": "https://registry.npmjs.org/bunyan/-/bunyan-1.8.12.tgz",
      "dev": true
    },
    "caseless": {
      "version": "0.12.0",
      "from": "caseless@>=0.12.0 <0.13.0",
      "resolved": "https://registry.npmjs.org/caseless/-/caseless-0.12.0.tgz",
      "dev": true
    },
    "chalk": {
      "version": "1.1.3",
      "from": "chalk@>=1.1.3 <2.0.0",
      "resolved": "https://registry.npmjs.org/chalk/-/chalk-1.1.3.tgz",
      "dev": true
    },
    "chardet": {
      "version": "0.4.2",
      "from": "chardet@>=0.4.0 <0.5.0",
      "resolved": "https://registry.npmjs.org/chardet/-/chardet-0.4.2.tgz",
      "dev": true
    },
    "cli-color": {
      "version": "0.3.2",
      "from": "cli-color@0.3.2",
      "resolved": "https://registry.npmjs.org/cli-color/-/cli-color-0.3.2.tgz",
      "dev": true
    },
    "cli-cursor": {
      "version": "2.1.0",
      "from": "cli-cursor@>=2.1.0 <3.0.0",
      "resolved": "https://registry.npmjs.org/cli-cursor/-/cli-cursor-2.1.0.tgz",
      "dev": true
    },
    "cli-spinner": {
      "version": "0.2.7",
      "from": "cli-spinner@>=0.2.6 <0.3.0",
      "resolved": "https://registry.npmjs.org/cli-spinner/-/cli-spinner-0.2.7.tgz",
      "dev": true
    },
    "cli-width": {
      "version": "2.2.0",
      "from": "cli-width@>=2.0.0 <3.0.0",
      "resolved": "https://registry.npmjs.org/cli-width/-/cli-width-2.2.0.tgz",
      "dev": true
    },
    "clui": {
      "version": "0.3.6",
      "from": "clui@>=0.3.1 <0.4.0",
      "resolved": "https://registry.npmjs.org/clui/-/clui-0.3.6.tgz",
      "dev": true
    },
    "co": {
      "version": "4.6.0",
      "from": "co@>=4.6.0 <5.0.0",
      "resolved": "https://registry.npmjs.org/co/-/co-4.6.0.tgz",
      "dev": true
    },
    "color-convert": {
      "version": "1.9.1",
      "from": "color-convert@>=1.9.0 <2.0.0",
      "resolved": "https://registry.npmjs.org/color-convert/-/color-convert-1.9.1.tgz",
      "dev": true
    },
    "color-name": {
      "version": "1.1.3",
      "from": "color-name@>=1.1.1 <2.0.0",
      "resolved": "https://registry.npmjs.org/color-name/-/color-name-1.1.3.tgz",
      "dev": true
    },
    "combined-stream": {
      "version": "1.0.5",
      "from": "combined-stream@>=1.0.5 <1.1.0",
      "resolved": "https://registry.npmjs.org/combined-stream/-/combined-stream-1.0.5.tgz",
      "dev": true
    },
    "commander": {
      "version": "2.13.0",
      "from": "commander@>=2.9.0 <3.0.0",
      "resolved": "https://registry.npmjs.org/commander/-/commander-2.13.0.tgz",
      "dev": true
    },
    "compress-commons": {
      "version": "1.2.2",
      "from": "compress-commons@>=1.2.0 <2.0.0",
      "resolved": "https://registry.npmjs.org/compress-commons/-/compress-commons-1.2.2.tgz",
      "dev": true
    },
    "concat-map": {
      "version": "0.0.1",
      "from": "concat-map@0.0.1",
      "resolved": "https://registry.npmjs.org/concat-map/-/concat-map-0.0.1.tgz",
      "dev": true
    },
    "core-util-is": {
      "version": "1.0.2",
      "from": "core-util-is@>=1.0.0 <1.1.0",
      "resolved": "https://registry.npmjs.org/core-util-is/-/core-util-is-1.0.2.tgz",
      "dev": true
    },
    "crc": {
      "version": "3.5.0",
      "from": "crc@>=3.4.4 <4.0.0",
      "resolved": "https://registry.npmjs.org/crc/-/crc-3.5.0.tgz",
      "dev": true
    },
    "crc32-stream": {
      "version": "2.0.0",
      "from": "crc32-stream@>=2.0.0 <3.0.0",
      "resolved": "https://registry.npmjs.org/crc32-stream/-/crc32-stream-2.0.0.tgz",
      "dev": true
    },
    "cryptiles": {
      "version": "3.1.2",
      "from": "cryptiles@>=3.0.0 <4.0.0",
      "resolved": "https://registry.npmjs.org/cryptiles/-/cryptiles-3.1.2.tgz",
      "dev": true,
      "dependencies": {
        "boom": {
          "version": "5.2.0",
          "from": "boom@>=5.0.0 <6.0.0",
          "resolved": "https://registry.npmjs.org/boom/-/boom-5.2.0.tgz",
          "dev": true
        }
      }
    },
    "d": {
      "version": "0.1.1",
      "from": "d@>=0.1.1 <0.2.0",
      "resolved": "https://registry.npmjs.org/d/-/d-0.1.1.tgz",
      "dev": true
    },
    "dashdash": {
      "version": "1.14.1",
      "from": "dashdash@>=1.12.0 <2.0.0",
      "resolved": "https://registry.npmjs.org/dashdash/-/dashdash-1.14.1.tgz",
      "dev": true
    },
    "date-fns": {
      "version": "1.29.0",
      "from": "date-fns@>=1.3.0 <2.0.0",
      "resolved": "https://registry.npmjs.org/date-fns/-/date-fns-1.29.0.tgz",
      "dev": true
    },
    "debug": {
      "version": "3.1.0",
      "from": "debug@>=3.1.0 <4.0.0",
      "resolved": "https://registry.npmjs.org/debug/-/debug-3.1.0.tgz",
      "dev": true
    },
    "delayed-stream": {
      "version": "1.0.0",
      "from": "delayed-stream@>=1.0.0 <1.1.0",
      "resolved": "https://registry.npmjs.org/delayed-stream/-/delayed-stream-1.0.0.tgz",
      "dev": true
    },
    "dtrace-provider": {
      "version": "0.8.6",
      "from": "dtrace-provider@>=0.8.0 <0.9.0",
      "resolved": "https://registry.npmjs.org/dtrace-provider/-/dtrace-provider-0.8.6.tgz",
      "dev": true,
      "optional": true
    },
    "ecc-jsbn": {
      "version": "0.1.1",
      "from": "ecc-jsbn@>=0.1.1 <0.2.0",
      "resolved": "https://registry.npmjs.org/ecc-jsbn/-/ecc-jsbn-0.1.1.tgz",
      "dev": true,
      "optional": true
    },
    "end-of-stream": {
      "version": "1.4.1",
      "from": "end-of-stream@>=1.0.0 <2.0.0",
      "resolved": "https://registry.npmjs.org/end-of-stream/-/end-of-stream-1.4.1.tgz",
      "dev": true
    },
    "es5-ext": {
      "version": "0.10.38",
      "from": "es5-ext@>=0.10.2 <0.11.0",
      "resolved": "https://registry.npmjs.org/es5-ext/-/es5-ext-0.10.38.tgz",
      "dev": true
    },
    "es6-iterator": {
      "version": "2.0.3",
      "from": "es6-iterator@>=2.0.3 <2.1.0",
      "resolved": "https://registry.npmjs.org/es6-iterator/-/es6-iterator-2.0.3.tgz",
      "dev": true,
      "dependencies": {
        "d": {
          "version": "1.0.0",
          "from": "d@>=1.0.0 <2.0.0",
          "resolved": "https://registry.npmjs.org/d/-/d-1.0.0.tgz",
          "dev": true
        }
      }
    },
    "es6-symbol": {
      "version": "3.1.1",
      "from": "es6-symbol@>=3.1.1 <3.2.0",
      "resolved": "https://registry.npmjs.org/es6-symbol/-/es6-symbol-3.1.1.tgz",
      "dev": true,
      "dependencies": {
        "d": {
          "version": "1.0.0",
          "from": "d@>=1.0.0 <2.0.0",
          "resolved": "https://registry.npmjs.org/d/-/d-1.0.0.tgz",
          "dev": true
        }
      }
    },
    "es6-weak-map": {
      "version": "0.1.4",
      "from": "es6-weak-map@>=0.1.4 <0.2.0",
      "resolved": "https://registry.npmjs.org/es6-weak-map/-/es6-weak-map-0.1.4.tgz",
      "dev": true,
      "dependencies": {
        "es6-iterator": {
          "version": "0.1.3",
          "from": "es6-iterator@>=0.1.3 <0.2.0",
          "resolved": "https://registry.npmjs.org/es6-iterator/-/es6-iterator-0.1.3.tgz",
          "dev": true
        },
        "es6-symbol": {
          "version": "2.0.1",
          "from": "es6-symbol@>=2.0.1 <2.1.0",
          "resolved": "https://registry.npmjs.org/es6-symbol/-/es6-symbol-2.0.1.tgz",
          "dev": true
        }
      }
    },
    "escape-string-regexp": {
      "version": "1.0.5",
      "from": "escape-string-regexp@>=1.0.2 <2.0.0",
      "resolved": "https://registry.npmjs.org/escape-string-regexp/-/escape-string-regexp-1.0.5.tgz",
      "dev": true
    },
    "event-emitter": {
      "version": "0.3.5",
      "from": "event-emitter@>=0.3.4 <0.4.0",
      "resolved": "https://registry.npmjs.org/event-emitter/-/event-emitter-0.3.5.tgz",
      "dev": true,
      "dependencies": {
        "d": {
          "version": "1.0.0",
          "from": "d@>=1.0.0 <2.0.0",
          "resolved": "https://registry.npmjs.org/d/-/d-1.0.0.tgz",
          "dev": true
        }
      }
    },
    "events": {
      "version": "1.1.1",
      "from": "events@>=1.1.1 <2.0.0",
      "resolved": "https://registry.npmjs.org/events/-/events-1.1.1.tgz",
      "dev": true
    },
    "extend": {
      "version": "3.0.1",
      "from": "extend@>=3.0.1 <3.1.0",
      "resolved": "https://registry.npmjs.org/extend/-/extend-3.0.1.tgz",
      "dev": true
    },
    "external-editor": {
      "version": "2.1.0",
      "from": "external-editor@>=2.0.4 <3.0.0",
      "resolved": "https://registry.npmjs.org/external-editor/-/external-editor-2.1.0.tgz",
      "dev": true,
      "dependencies": {
        "tmp": {
          "version": "0.0.33",
          "from": "tmp@>=0.0.33 <0.0.34",
          "resolved": "https://registry.npmjs.org/tmp/-/tmp-0.0.33.tgz",
          "dev": true
        }
      }
    },
    "extsprintf": {
      "version": "1.3.0",
      "from": "extsprintf@1.3.0",
      "resolved": "https://registry.npmjs.org/extsprintf/-/extsprintf-1.3.0.tgz",
      "dev": true
    },
    "fast-deep-equal": {
      "version": "1.0.0",
      "from": "fast-deep-equal@>=1.0.0 <2.0.0",
      "resolved": "https://registry.npmjs.org/fast-deep-equal/-/fast-deep-equal-1.0.0.tgz",
      "dev": true
    },
    "fast-json-stable-stringify": {
      "version": "2.0.0",
      "from": "fast-json-stable-stringify@>=2.0.0 <3.0.0",
      "resolved": "https://registry.npmjs.org/fast-json-stable-stringify/-/fast-json-stable-stringify-2.0.0.tgz",
      "dev": true
    },
    "figures": {
      "version": "2.0.0",
      "from": "figures@>=2.0.0 <3.0.0",
      "resolved": "https://registry.npmjs.org/figures/-/figures-2.0.0.tgz",
      "dev": true
    },
    "foreachasync": {
      "version": "3.0.0",
      "from": "foreachasync@>=3.0.0 <4.0.0",
      "resolved": "https://registry.npmjs.org/foreachasync/-/foreachasync-3.0.0.tgz",
      "dev": true
    },
    "forever-agent": {
      "version": "0.6.1",
      "from": "forever-agent@>=0.6.1 <0.7.0",
      "resolved": "https://registry.npmjs.org/forever-agent/-/forever-agent-0.6.1.tgz",
      "dev": true
    },
    "form-data": {
      "version": "2.3.1",
      "from": "form-data@>=2.3.1 <2.4.0",
      "resolved": "https://registry.npmjs.org/form-data/-/form-data-2.3.1.tgz",
      "dev": true
    },
    "fs-extra": {
      "version": "0.6.4",
      "from": "fs-extra@>=0.6.1 <0.7.0",
      "resolved": "https://registry.npmjs.org/fs-extra/-/fs-extra-0.6.4.tgz",
      "dev": true,
      "dependencies": {
        "jsonfile": {
          "version": "1.0.1",
          "from": "jsonfile@>=1.0.1 <1.1.0",
          "resolved": "https://registry.npmjs.org/jsonfile/-/jsonfile-1.0.1.tgz",
          "dev": true
        },
        "mkdirp": {
          "version": "0.3.5",
          "from": "mkdirp@>=0.3.0 <0.4.0",
          "resolved": "https://registry.npmjs.org/mkdirp/-/mkdirp-0.3.5.tgz",
          "dev": true
        },
        "ncp": {
          "version": "0.4.2",
          "from": "ncp@>=0.4.2 <0.5.0",
          "resolved": "https://registry.npmjs.org/ncp/-/ncp-0.4.2.tgz",
          "dev": true
        },
        "rimraf": {
          "version": "2.2.8",
          "from": "rimraf@>=2.2.0 <2.3.0",
          "resolved": "https://registry.npmjs.org/rimraf/-/rimraf-2.2.8.tgz",
          "dev": true
        }
      }
    },
    "fs.extra": {
      "version": "1.3.2",
      "from": "fs.extra@>=1.3.2 <2.0.0",
      "resolved": "https://registry.npmjs.org/fs.extra/-/fs.extra-1.3.2.tgz",
      "dev": true,
      "dependencies": {
        "mkdirp": {
          "version": "0.3.5",
          "from": "mkdirp@>=0.3.5 <0.4.0",
          "resolved": "https://registry.npmjs.org/mkdirp/-/mkdirp-0.3.5.tgz",
          "dev": true
        }
      }
    },
    "fs.realpath": {
      "version": "1.0.0",
      "from": "fs.realpath@>=1.0.0 <2.0.0",
      "resolved": "https://registry.npmjs.org/fs.realpath/-/fs.realpath-1.0.0.tgz",
      "dev": true
    },
    "getpass": {
      "version": "0.1.7",
      "from": "getpass@>=0.1.1 <0.2.0",
      "resolved": "https://registry.npmjs.org/getpass/-/getpass-0.1.7.tgz",
      "dev": true
    },
    "glob": {
      "version": "7.1.2",
      "from": "glob@>=7.0.0 <8.0.0",
      "resolved": "https://registry.npmjs.org/glob/-/glob-7.1.2.tgz",
      "dev": true
    },
    "graceful-fs": {
      "version": "4.1.11",
      "from": "graceful-fs@>=4.1.0 <5.0.0",
      "resolved": "https://registry.npmjs.org/graceful-fs/-/graceful-fs-4.1.11.tgz",
      "dev": true
    },
    "har-schema": {
      "version": "2.0.0",
      "from": "har-schema@>=2.0.0 <3.0.0",
      "resolved": "https://registry.npmjs.org/har-schema/-/har-schema-2.0.0.tgz",
      "dev": true
    },
    "har-validator": {
      "version": "5.0.3",
      "from": "har-validator@>=5.0.3 <5.1.0",
      "resolved": "https://registry.npmjs.org/har-validator/-/har-validator-5.0.3.tgz",
      "dev": true
    },
    "has-ansi": {
      "version": "2.0.0",
      "from": "has-ansi@>=2.0.0 <3.0.0",
      "resolved": "https://registry.npmjs.org/has-ansi/-/has-ansi-2.0.0.tgz",
      "dev": true
    },
    "has-flag": {
      "version": "2.0.0",
      "from": "has-flag@>=2.0.0 <3.0.0",
      "resolved": "https://registry.npmjs.org/has-flag/-/has-flag-2.0.0.tgz",
      "dev": true
    },
    "hawk": {
      "version": "6.0.2",
      "from": "hawk@>=6.0.2 <6.1.0",
      "resolved": "https://registry.npmjs.org/hawk/-/hawk-6.0.2.tgz",
      "dev": true
    },
    "hoek": {
      "version": "4.2.0",
      "from": "hoek@>=4.0.0 <5.0.0",
      "resolved": "https://registry.npmjs.org/hoek/-/hoek-4.2.0.tgz",
      "dev": true
    },
    "http-signature": {
      "version": "1.2.0",
      "from": "http-signature@>=1.2.0 <1.3.0",
      "resolved": "https://registry.npmjs.org/http-signature/-/http-signature-1.2.0.tgz",
      "dev": true
    },
    "iconv-lite": {
      "version": "0.4.19",
      "from": "iconv-lite@>=0.4.17 <0.5.0",
      "resolved": "https://registry.npmjs.org/iconv-lite/-/iconv-lite-0.4.19.tgz",
      "dev": true
    },
    "ieee754": {
      "version": "1.1.8",
      "from": "ieee754@>=1.1.4 <2.0.0",
      "resolved": "https://registry.npmjs.org/ieee754/-/ieee754-1.1.8.tgz",
      "dev": true
    },
    "inflight": {
      "version": "1.0.6",
      "from": "inflight@>=1.0.4 <2.0.0",
      "resolved": "https://registry.npmjs.org/inflight/-/inflight-1.0.6.tgz",
      "dev": true
    },
    "inherits": {
      "version": "2.0.3",
      "from": "inherits@>=2.0.0 <3.0.0",
      "resolved": "https://registry.npmjs.org/inherits/-/inherits-2.0.3.tgz",
      "dev": true
    },
    "inquirer": {
      "version": "3.3.0",
      "from": "inquirer@>=3.0.1 <4.0.0",
      "resolved": "https://registry.npmjs.org/inquirer/-/inquirer-3.3.0.tgz",
      "dev": true,
      "dependencies": {
        "ansi-regex": {
          "version": "3.0.0",
          "from": "ansi-regex@>=3.0.0 <4.0.0",
          "resolved": "https://registry.npmjs.org/ansi-regex/-/ansi-regex-3.0.0.tgz",
          "dev": true
        },
        "ansi-styles": {
          "version": "3.2.0",
          "from": "ansi-styles@>=3.1.0 <4.0.0",
          "resolved": "https://registry.npmjs.org/ansi-styles/-/ansi-styles-3.2.0.tgz",
          "dev": true
        },
        "chalk": {
          "version": "2.3.0",
          "from": "chalk@>=2.0.0 <3.0.0",
          "resolved": "https://registry.npmjs.org/chalk/-/chalk-2.3.0.tgz",
          "dev": true
        },
        "strip-ansi": {
          "version": "4.0.0",
          "from": "strip-ansi@>=4.0.0 <5.0.0",
          "resolved": "https://registry.npmjs.org/strip-ansi/-/strip-ansi-4.0.0.tgz",
          "dev": true
        },
        "supports-color": {
          "version": "4.5.0",
          "from": "supports-color@>=4.0.0 <5.0.0",
          "resolved": "https://registry.npmjs.org/supports-color/-/supports-color-4.5.0.tgz",
          "dev": true
        }
      }
    },
    "is-fullwidth-code-point": {
      "version": "2.0.0",
      "from": "is-fullwidth-code-point@>=2.0.0 <3.0.0",
      "resolved": "https://registry.npmjs.org/is-fullwidth-code-point/-/is-fullwidth-code-point-2.0.0.tgz",
      "dev": true
    },
    "is-number-like": {
      "version": "1.0.8",
      "from": "is-number-like@>=1.0.3 <2.0.0",
      "resolved": "https://registry.npmjs.org/is-number-like/-/is-number-like-1.0.8.tgz",
      "dev": true
    },
    "is-promise": {
      "version": "2.1.0",
      "from": "is-promise@>=2.1.0 <3.0.0",
      "resolved": "https://registry.npmjs.org/is-promise/-/is-promise-2.1.0.tgz",
      "dev": true
    },
    "is-typedarray": {
      "version": "1.0.0",
      "from": "is-typedarray@>=1.0.0 <1.1.0",
      "resolved": "https://registry.npmjs.org/is-typedarray/-/is-typedarray-1.0.0.tgz",
      "dev": true
    },
    "isarray": {
      "version": "1.0.0",
      "from": "isarray@>=1.0.0 <1.1.0",
      "resolved": "https://registry.npmjs.org/isarray/-/isarray-1.0.0.tgz",
      "dev": true
    },
    "isemail": {
      "version": "3.1.0",
      "from": "isemail@>=3.0.0 <4.0.0",
      "resolved": "https://registry.npmjs.org/isemail/-/isemail-3.1.0.tgz",
      "dev": true,
      "dependencies": {
        "punycode": {
          "version": "2.1.0",
          "from": "punycode@>=2.0.0 <3.0.0",
          "resolved": "https://registry.npmjs.org/punycode/-/punycode-2.1.0.tgz",
          "dev": true
        }
      }
    },
    "isstream": {
      "version": "0.1.2",
      "from": "isstream@>=0.1.2 <0.2.0",
      "resolved": "https://registry.npmjs.org/isstream/-/isstream-0.1.2.tgz",
      "dev": true
    },
    "jmespath": {
      "version": "0.15.0",
      "from": "jmespath@0.15.0",
      "resolved": "https://registry.npmjs.org/jmespath/-/jmespath-0.15.0.tgz",
      "dev": true
    },
    "joi": {
      "version": "12.0.0",
      "from": "joi@>=12.0.0 <13.0.0",
      "resolved": "https://registry.npmjs.org/joi/-/joi-12.0.0.tgz",
      "dev": true
    },
    "jsbn": {
      "version": "0.1.1",
      "from": "jsbn@>=0.1.0 <0.2.0",
      "resolved": "https://registry.npmjs.org/jsbn/-/jsbn-0.1.1.tgz",
      "dev": true,
      "optional": true
    },
    "json-schema": {
      "version": "0.2.3",
      "from": "json-schema@0.2.3",
      "resolved": "https://registry.npmjs.org/json-schema/-/json-schema-0.2.3.tgz",
      "dev": true
    },
    "json-schema-traverse": {
      "version": "0.3.1",
      "from": "json-schema-traverse@>=0.3.0 <0.4.0",
      "resolved": "https://registry.npmjs.org/json-schema-traverse/-/json-schema-traverse-0.3.1.tgz",
      "dev": true
    },
    "json-stringify-safe": {
      "version": "5.0.1",
      "from": "json-stringify-safe@>=5.0.1 <5.1.0",
      "resolved": "https://registry.npmjs.org/json-stringify-safe/-/json-stringify-safe-5.0.1.tgz",
      "dev": true
    },
    "jsonfile": {
      "version": "2.4.0",
      "from": "jsonfile@>=2.4.0 <3.0.0",
      "resolved": "https://registry.npmjs.org/jsonfile/-/jsonfile-2.4.0.tgz",
      "dev": true
    },
    "jsprim": {
      "version": "1.4.1",
      "from": "jsprim@>=1.2.2 <2.0.0",
      "resolved": "https://registry.npmjs.org/jsprim/-/jsprim-1.4.1.tgz",
      "dev": true
    },
    "lazystream": {
      "version": "1.0.0",
      "from": "lazystream@>=1.0.0 <2.0.0",
      "resolved": "https://registry.npmjs.org/lazystream/-/lazystream-1.0.0.tgz",
      "dev": true
    },
    "lodash": {
      "version": "4.17.4",
      "from": "lodash@>=4.8.0 <5.0.0",
      "resolved": "https://registry.npmjs.org/lodash/-/lodash-4.17.4.tgz",
      "dev": true
    },
    "lodash.isfinite": {
      "version": "3.3.2",
      "from": "lodash.isfinite@>=3.3.2 <4.0.0",
      "resolved": "https://registry.npmjs.org/lodash.isfinite/-/lodash.isfinite-3.3.2.tgz",
      "dev": true
    },
    "lru-queue": {
      "version": "0.1.0",
      "from": "lru-queue@>=0.1.0 <0.2.0",
      "resolved": "https://registry.npmjs.org/lru-queue/-/lru-queue-0.1.0.tgz",
      "dev": true
    },
    "memoizee": {
      "version": "0.3.10",
      "from": "memoizee@>=0.3.0 <0.4.0",
      "resolved": "https://registry.npmjs.org/memoizee/-/memoizee-0.3.10.tgz",
      "dev": true
    },
    "mime-db": {
      "version": "1.30.0",
      "from": "mime-db@>=1.30.0 <1.31.0",
      "resolved": "https://registry.npmjs.org/mime-db/-/mime-db-1.30.0.tgz",
      "dev": true
    },
    "mime-types": {
      "version": "2.1.17",
      "from": "mime-types@>=2.1.17 <2.2.0",
      "resolved": "https://registry.npmjs.org/mime-types/-/mime-types-2.1.17.tgz",
      "dev": true
    },
    "mimic-fn": {
      "version": "1.1.0",
      "from": "mimic-fn@>=1.0.0 <2.0.0",
      "resolved": "https://registry.npmjs.org/mimic-fn/-/mimic-fn-1.1.0.tgz",
      "dev": true
    },
    "minimatch": {
      "version": "3.0.4",
      "from": "minimatch@>=3.0.4 <4.0.0",
      "resolved": "https://registry.npmjs.org/minimatch/-/minimatch-3.0.4.tgz",
      "dev": true
    },
    "minimist": {
      "version": "0.0.8",
      "from": "minimist@0.0.8",
      "resolved": "https://registry.npmjs.org/minimist/-/minimist-0.0.8.tgz",
      "dev": true
    },
    "mkdirp": {
      "version": "0.5.1",
      "from": "mkdirp@>=0.5.1 <0.6.0",
      "resolved": "https://registry.npmjs.org/mkdirp/-/mkdirp-0.5.1.tgz",
      "dev": true
    },
    "moment": {
      "version": "2.20.1",
      "from": "moment@>=2.10.6 <3.0.0",
      "resolved": "https://registry.npmjs.org/moment/-/moment-2.20.1.tgz",
      "dev": true,
      "optional": true
    },
    "ms": {
      "version": "2.0.0",
      "from": "ms@2.0.0",
      "resolved": "https://registry.npmjs.org/ms/-/ms-2.0.0.tgz",
      "dev": true
    },
    "mute-stream": {
      "version": "0.0.7",
      "from": "mute-stream@0.0.7",
      "resolved": "https://registry.npmjs.org/mute-stream/-/mute-stream-0.0.7.tgz",
      "dev": true
    },
    "mv": {
      "version": "2.1.1",
      "from": "mv@>=2.0.0 <3.0.0",
      "resolved": "https://registry.npmjs.org/mv/-/mv-2.1.1.tgz",
      "dev": true,
      "optional": true
    },
    "nan": {
      "version": "2.8.0",
      "from": "nan@>=2.3.3 <3.0.0",
      "resolved": "https://registry.npmjs.org/nan/-/nan-2.8.0.tgz",
      "dev": true,
      "optional": true
    },
    "ncp": {
      "version": "2.0.0",
      "from": "ncp@>=2.0.0 <2.1.0",
      "resolved": "https://registry.npmjs.org/ncp/-/ncp-2.0.0.tgz",
      "dev": true,
      "optional": true
    },
    "next-tick": {
      "version": "0.2.2",
      "from": "next-tick@>=0.2.2 <0.3.0",
      "resolved": "https://registry.npmjs.org/next-tick/-/next-tick-0.2.2.tgz",
      "dev": true
    },
    "normalize-path": {
      "version": "2.1.1",
      "from": "normalize-path@>=2.0.0 <3.0.0",
      "resolved": "https://registry.npmjs.org/normalize-path/-/normalize-path-2.1.1.tgz",
      "dev": true
    },
    "oauth-sign": {
      "version": "0.8.2",
      "from": "oauth-sign@>=0.8.2 <0.9.0",
      "resolved": "https://registry.npmjs.org/oauth-sign/-/oauth-sign-0.8.2.tgz",
      "dev": true
    },
    "object-assign": {
      "version": "4.1.1",
      "from": "object-assign@>=4.0.1 <5.0.0",
      "resolved": "https://registry.npmjs.org/object-assign/-/object-assign-4.1.1.tgz",
      "dev": true
    },
    "once": {
      "version": "1.4.0",
      "from": "once@>=1.3.0 <2.0.0",
      "resolved": "https://registry.npmjs.org/once/-/once-1.4.0.tgz",
      "dev": true
    },
    "onetime": {
      "version": "2.0.1",
      "from": "onetime@>=2.0.0 <3.0.0",
      "resolved": "https://registry.npmjs.org/onetime/-/onetime-2.0.1.tgz",
      "dev": true
    },
    "opn": {
      "version": "4.0.2",
      "from": "opn@>=4.0.2 <5.0.0",
      "resolved": "https://registry.npmjs.org/opn/-/opn-4.0.2.tgz",
      "dev": true
    },
    "os-tmpdir": {
      "version": "1.0.2",
      "from": "os-tmpdir@>=1.0.2 <1.1.0",
      "resolved": "https://registry.npmjs.org/os-tmpdir/-/os-tmpdir-1.0.2.tgz",
      "dev": true
    },
    "path-is-absolute": {
      "version": "1.0.1",
      "from": "path-is-absolute@>=1.0.0 <2.0.0",
      "resolved": "https://registry.npmjs.org/path-is-absolute/-/path-is-absolute-1.0.1.tgz",
      "dev": true
    },
    "performance-now": {
      "version": "2.1.0",
      "from": "performance-now@>=2.1.0 <3.0.0",
      "resolved": "https://registry.npmjs.org/performance-now/-/performance-now-2.1.0.tgz",
      "dev": true
    },
    "pinkie": {
      "version": "2.0.4",
      "from": "pinkie@>=2.0.0 <3.0.0",
      "resolved": "https://registry.npmjs.org/pinkie/-/pinkie-2.0.4.tgz",
      "dev": true
    },
    "pinkie-promise": {
      "version": "2.0.1",
      "from": "pinkie-promise@>=2.0.0 <3.0.0",
      "resolved": "https://registry.npmjs.org/pinkie-promise/-/pinkie-promise-2.0.1.tgz",
      "dev": true
    },
    "portscanner": {
      "version": "2.1.1",
      "from": "portscanner@>=2.1.1 <3.0.0",
      "resolved": "https://registry.npmjs.org/portscanner/-/portscanner-2.1.1.tgz",
      "dev": true,
      "dependencies": {
        "async": {
          "version": "1.5.2",
          "from": "async@1.5.2",
          "resolved": "https://registry.npmjs.org/async/-/async-1.5.2.tgz",
          "dev": true
        }
      }
    },
    "process-nextick-args": {
      "version": "1.0.7",
      "from": "process-nextick-args@>=1.0.6 <1.1.0",
      "resolved": "https://registry.npmjs.org/process-nextick-args/-/process-nextick-args-1.0.7.tgz",
      "dev": true
    },
    "punycode": {
      "version": "1.3.2",
      "from": "punycode@1.3.2",
      "resolved": "https://registry.npmjs.org/punycode/-/punycode-1.3.2.tgz",
      "dev": true
    },
    "qs": {
      "version": "6.5.1",
      "from": "qs@>=6.5.1 <6.6.0",
      "resolved": "https://registry.npmjs.org/qs/-/qs-6.5.1.tgz",
      "dev": true
    },
    "querystring": {
      "version": "0.2.0",
      "from": "querystring@0.2.0",
      "resolved": "https://registry.npmjs.org/querystring/-/querystring-0.2.0.tgz",
      "dev": true
    },
    "readable-stream": {
      "version": "2.3.3",
      "from": "readable-stream@>=2.0.0 <3.0.0",
      "resolved": "https://registry.npmjs.org/readable-stream/-/readable-stream-2.3.3.tgz",
      "dev": true
    },
    "remove-trailing-separator": {
      "version": "1.1.0",
      "from": "remove-trailing-separator@>=1.0.1 <2.0.0",
      "resolved": "https://registry.npmjs.org/remove-trailing-separator/-/remove-trailing-separator-1.1.0.tgz",
      "dev": true
    },
    "request": {
      "version": "2.83.0",
      "from": "request@>=2.79.0 <3.0.0",
      "resolved": "https://registry.npmjs.org/request/-/request-2.83.0.tgz",
      "dev": true
    },
    "restore-cursor": {
      "version": "2.0.0",
      "from": "restore-cursor@>=2.0.0 <3.0.0",
      "resolved": "https://registry.npmjs.org/restore-cursor/-/restore-cursor-2.0.0.tgz",
      "dev": true
    },
    "retry": {
      "version": "0.10.1",
      "from": "retry@>=0.10.1 <0.11.0",
      "resolved": "https://registry.npmjs.org/retry/-/retry-0.10.1.tgz",
      "dev": true
    },
    "rimraf": {
      "version": "2.4.5",
      "from": "rimraf@>=2.4.0 <2.5.0",
      "resolved": "https://registry.npmjs.org/rimraf/-/rimraf-2.4.5.tgz",
      "dev": true,
      "optional": true,
      "dependencies": {
        "glob": {
          "version": "6.0.4",
          "from": "glob@>=6.0.1 <7.0.0",
          "resolved": "https://registry.npmjs.org/glob/-/glob-6.0.4.tgz",
          "dev": true,
          "optional": true
        }
      }
    },
    "run-async": {
      "version": "2.3.0",
      "from": "run-async@>=2.2.0 <3.0.0",
      "resolved": "https://registry.npmjs.org/run-async/-/run-async-2.3.0.tgz",
      "dev": true
    },
    "rx-lite": {
      "version": "4.0.8",
      "from": "rx-lite@>=4.0.8 <5.0.0",
      "resolved": "https://registry.npmjs.org/rx-lite/-/rx-lite-4.0.8.tgz",
      "dev": true
    },
    "rx-lite-aggregates": {
      "version": "4.0.8",
      "from": "rx-lite-aggregates@>=4.0.8 <5.0.0",
      "resolved": "https://registry.npmjs.org/rx-lite-aggregates/-/rx-lite-aggregates-4.0.8.tgz",
      "dev": true
    },
    "safe-buffer": {
      "version": "5.1.1",
      "from": "safe-buffer@>=5.1.1 <5.2.0",
      "resolved": "https://registry.npmjs.org/safe-buffer/-/safe-buffer-5.1.1.tgz",
      "dev": true
    },
    "safe-json-stringify": {
      "version": "1.0.4",
      "from": "safe-json-stringify@>=1.0.0 <2.0.0",
      "resolved": "https://registry.npmjs.org/safe-json-stringify/-/safe-json-stringify-1.0.4.tgz",
      "dev": true,
      "optional": true
    },
    "sax": {
      "version": "1.2.1",
      "from": "sax@1.2.1",
      "resolved": "https://registry.npmjs.org/sax/-/sax-1.2.1.tgz",
      "dev": true
    },
    "semver": {
      "version": "5.5.0",
      "from": "semver@>=5.3.0 <6.0.0",
      "resolved": "https://registry.npmjs.org/semver/-/semver-5.5.0.tgz",
      "dev": true
    },
    "signal-exit": {
      "version": "3.0.2",
      "from": "signal-exit@>=3.0.2 <4.0.0",
      "resolved": "https://registry.npmjs.org/signal-exit/-/signal-exit-3.0.2.tgz",
      "dev": true
    },
    "simple-git": {
      "version": "1.89.0",
      "from": "simple-git@>=1.82.0 <2.0.0",
      "resolved": "https://registry.npmjs.org/simple-git/-/simple-git-1.89.0.tgz",
      "dev": true
    },
    "simple-oauth2": {
      "version": "1.5.0",
      "from": "simple-oauth2@>=1.0.2 <2.0.0",
      "resolved": "https://registry.npmjs.org/simple-oauth2/-/simple-oauth2-1.5.0.tgz",
      "dev": true
    },
    "sntp": {
      "version": "2.1.0",
      "from": "sntp@>=2.0.0 <3.0.0",
      "resolved": "https://registry.npmjs.org/sntp/-/sntp-2.1.0.tgz",
      "dev": true
    },
    "sshpk": {
      "version": "1.13.1",
      "from": "sshpk@>=1.7.0 <2.0.0",
      "resolved": "https://registry.npmjs.org/sshpk/-/sshpk-1.13.1.tgz",
      "dev": true
    },
    "string_decoder": {
      "version": "1.0.3",
      "from": "string_decoder@>=1.0.3 <1.1.0",
      "resolved": "https://registry.npmjs.org/string_decoder/-/string_decoder-1.0.3.tgz",
      "dev": true
    },
    "string-width": {
      "version": "2.1.1",
      "from": "string-width@>=2.1.0 <3.0.0",
      "resolved": "https://registry.npmjs.org/string-width/-/string-width-2.1.1.tgz",
      "dev": true,
      "dependencies": {
        "ansi-regex": {
          "version": "3.0.0",
          "from": "ansi-regex@>=3.0.0 <4.0.0",
          "resolved": "https://registry.npmjs.org/ansi-regex/-/ansi-regex-3.0.0.tgz",
          "dev": true
        },
        "strip-ansi": {
          "version": "4.0.0",
          "from": "strip-ansi@>=4.0.0 <5.0.0",
          "resolved": "https://registry.npmjs.org/strip-ansi/-/strip-ansi-4.0.0.tgz",
          "dev": true
        }
      }
    },
    "stringstream": {
      "version": "0.0.5",
      "from": "stringstream@>=0.0.5 <0.1.0",
      "resolved": "https://registry.npmjs.org/stringstream/-/stringstream-0.0.5.tgz",
      "dev": true
    },
    "strip-ansi": {
      "version": "3.0.1",
      "from": "strip-ansi@>=3.0.0 <4.0.0",
      "resolved": "https://registry.npmjs.org/strip-ansi/-/strip-ansi-3.0.1.tgz",
      "dev": true
    },
    "sugar": {
      "version": "2.0.4",
      "from": "sugar@>=2.0.4 <3.0.0",
      "resolved": "https://registry.npmjs.org/sugar/-/sugar-2.0.4.tgz",
      "dev": true
    },
    "sugar-core": {
      "version": "2.0.4",
      "from": "sugar-core@>=2.0.0 <3.0.0",
      "resolved": "https://registry.npmjs.org/sugar-core/-/sugar-core-2.0.4.tgz",
      "dev": true
    },
    "supports-color": {
      "version": "2.0.0",
      "from": "supports-color@>=2.0.0 <3.0.0",
      "resolved": "https://registry.npmjs.org/supports-color/-/supports-color-2.0.0.tgz",
      "dev": true
    },
    "tar-stream": {
      "version": "1.5.5",
      "from": "tar-stream@>=1.5.0 <2.0.0",
      "resolved": "https://registry.npmjs.org/tar-stream/-/tar-stream-1.5.5.tgz",
      "dev": true
    },
    "through": {
      "version": "2.3.8",
      "from": "through@>=2.3.6 <3.0.0",
      "resolved": "https://registry.npmjs.org/through/-/through-2.3.8.tgz",
      "dev": true
    },
    "timers-ext": {
      "version": "0.1.2",
      "from": "timers-ext@>=0.1.0 <0.2.0",
      "resolved": "https://registry.npmjs.org/timers-ext/-/timers-ext-0.1.2.tgz",
      "dev": true,
      "dependencies": {
        "next-tick": {
          "version": "1.0.0",
          "from": "next-tick@>=1.0.0 <2.0.0",
          "resolved": "https://registry.npmjs.org/next-tick/-/next-tick-1.0.0.tgz",
          "dev": true
        }
      }
    },
    "tmp": {
      "version": "0.0.31",
      "from": "tmp@0.0.31",
      "resolved": "https://registry.npmjs.org/tmp/-/tmp-0.0.31.tgz",
      "dev": true
    },
    "topo": {
      "version": "2.0.2",
      "from": "topo@>=2.0.0 <3.0.0",
      "resolved": "https://registry.npmjs.org/topo/-/topo-2.0.2.tgz",
      "dev": true
    },
    "tough-cookie": {
      "version": "2.3.3",
      "from": "tough-cookie@>=2.3.3 <2.4.0",
      "resolved": "https://registry.npmjs.org/tough-cookie/-/tough-cookie-2.3.3.tgz",
      "dev": true,
      "dependencies": {
        "punycode": {
          "version": "1.4.1",
          "from": "punycode@>=1.4.1 <2.0.0",
          "resolved": "https://registry.npmjs.org/punycode/-/punycode-1.4.1.tgz",
          "dev": true
        }
      }
    },
    "tunnel-agent": {
      "version": "0.6.0",
      "from": "tunnel-agent@>=0.6.0 <0.7.0",
      "resolved": "https://registry.npmjs.org/tunnel-agent/-/tunnel-agent-0.6.0.tgz",
      "dev": true
    },
    "tweetnacl": {
      "version": "0.14.5",
      "from": "tweetnacl@>=0.14.0 <0.15.0",
      "resolved": "https://registry.npmjs.org/tweetnacl/-/tweetnacl-0.14.5.tgz",
      "dev": true,
      "optional": true
    },
    "url": {
      "version": "0.10.3",
      "from": "url@0.10.3",
      "resolved": "https://registry.npmjs.org/url/-/url-0.10.3.tgz",
      "dev": true
    },
    "util-deprecate": {
      "version": "1.0.2",
      "from": "util-deprecate@>=1.0.1 <1.1.0",
      "resolved": "https://registry.npmjs.org/util-deprecate/-/util-deprecate-1.0.2.tgz",
      "dev": true
    },
    "uuid": {
      "version": "3.1.0",
      "from": "uuid@3.1.0",
      "resolved": "https://registry.npmjs.org/uuid/-/uuid-3.1.0.tgz",
      "dev": true
    },
    "verror": {
      "version": "1.10.0",
      "from": "verror@1.10.0",
      "resolved": "https://registry.npmjs.org/verror/-/verror-1.10.0.tgz",
      "dev": true
    },
    "walk": {
      "version": "2.3.9",
      "from": "walk@>=2.3.9 <3.0.0",
      "resolved": "https://registry.npmjs.org/walk/-/walk-2.3.9.tgz",
      "dev": true
    },
    "walkdir": {
      "version": "0.0.11",
      "from": "walkdir@>=0.0.11 <0.0.12",
      "resolved": "https://registry.npmjs.org/walkdir/-/walkdir-0.0.11.tgz",
      "dev": true
    },
    "wrappy": {
      "version": "1.0.2",
      "from": "wrappy@>=1.0.0 <2.0.0",
      "resolved": "https://registry.npmjs.org/wrappy/-/wrappy-1.0.2.tgz",
      "dev": true
    },
    "xml2js": {
      "version": "0.4.17",
      "from": "xml2js@0.4.17",
      "resolved": "https://registry.npmjs.org/xml2js/-/xml2js-0.4.17.tgz",
      "dev": true
    },
    "xmlbuilder": {
      "version": "4.2.1",
      "from": "xmlbuilder@4.2.1",
      "resolved": "https://registry.npmjs.org/xmlbuilder/-/xmlbuilder-4.2.1.tgz",
      "dev": true
    },
    "xtend": {
      "version": "4.0.1",
      "from": "xtend@>=4.0.0 <5.0.0",
      "resolved": "https://registry.npmjs.org/xtend/-/xtend-4.0.1.tgz",
      "dev": true
    },
    "zip-stream": {
      "version": "1.2.0",
      "from": "zip-stream@>=1.1.0 <2.0.0",
      "resolved": "https://registry.npmjs.org/zip-stream/-/zip-stream-1.2.0.tgz",
      "dev": true
    }
  }
}
